// !$*UTF8*$!
{
	archiveVersion = 1;
	classes = {
	};
	objectVersion = 46;
	objects = {

/* Begin PBXBuildFile section */
		848D4BEF1DF7D6E500D99957 /* demo_back@2x.png in Resources */ = {isa = PBXBuildFile; fileRef = 848D4BDF1DF7D6E500D99957 /* demo_back@2x.png */; };
		848D4BF01DF7D6E500D99957 /* demo_back@3x.png in Resources */ = {isa = PBXBuildFile; fileRef = 848D4BE01DF7D6E500D99957 /* demo_back@3x.png */; };
		848D4BF11DF7D6E500D99957 /* demo_header@2x.png in Resources */ = {isa = PBXBuildFile; fileRef = 848D4BE11DF7D6E500D99957 /* demo_header@2x.png */; };
		848D4BF21DF7D6E500D99957 /* demo_header@3x.png in Resources */ = {isa = PBXBuildFile; fileRef = 848D4BE21DF7D6E500D99957 /* demo_header@3x.png */; };
		848D4BF31DF7D6E500D99957 /* demo_header_small@2x.png in Resources */ = {isa = PBXBuildFile; fileRef = 848D4BE31DF7D6E500D99957 /* demo_header_small@2x.png */; };
		848D4BF41DF7D6E500D99957 /* demo_header_small@3x.png in Resources */ = {isa = PBXBuildFile; fileRef = 848D4BE41DF7D6E500D99957 /* demo_header_small@3x.png */; };
		848D4BF51DF7D6E500D99957 /* demo_logo@2x.png in Resources */ = {isa = PBXBuildFile; fileRef = 848D4BE51DF7D6E500D99957 /* demo_logo@2x.png */; };
		848D4BF61DF7D6E500D99957 /* demo_logo@3x.png in Resources */ = {isa = PBXBuildFile; fileRef = 848D4BE61DF7D6E500D99957 /* demo_logo@3x.png */; };
		848D4BF71DF7D6E500D99957 /* demo_redpacket_icon.png in Resources */ = {isa = PBXBuildFile; fileRef = 848D4BE71DF7D6E500D99957 /* demo_redpacket_icon.png */; };
		848D4BF81DF7D6E500D99957 /* demo_right@2x.png in Resources */ = {isa = PBXBuildFile; fileRef = 848D4BE81DF7D6E500D99957 /* demo_right@2x.png */; };
		848D4BF91DF7D6E500D99957 /* demo_right@3x.png in Resources */ = {isa = PBXBuildFile; fileRef = 848D4BE91DF7D6E500D99957 /* demo_right@3x.png */; };
		848D4BFA1DF7D6E500D99957 /* demo_right_tip@2x.png in Resources */ = {isa = PBXBuildFile; fileRef = 848D4BEA1DF7D6E500D99957 /* demo_right_tip@2x.png */; };
		848D4BFB1DF7D6E500D99957 /* demo_right_tip@3x.png in Resources */ = {isa = PBXBuildFile; fileRef = 848D4BEB1DF7D6E500D99957 /* demo_right_tip@3x.png */; };
		848D4BFC1DF7D6E500D99957 /* demo_right_tip_blue@2x.png in Resources */ = {isa = PBXBuildFile; fileRef = 848D4BEC1DF7D6E500D99957 /* demo_right_tip_blue@2x.png */; };
		848D4BFD1DF7D6E500D99957 /* demo_right_tip_blue@3x.png in Resources */ = {isa = PBXBuildFile; fileRef = 848D4BED1DF7D6E500D99957 /* demo_right_tip_blue@3x.png */; };
		848D4BFE1DF7D6E500D99957 /* errors.txt in Resources */ = {isa = PBXBuildFile; fileRef = 848D4BEE1DF7D6E500D99957 /* errors.txt */; };
		92006F881DE3F5C7004B8299 /* RedpacketBaseTableViewController.m in Sources */ = {isa = PBXBuildFile; fileRef = 92006F7A1DE3F5C7004B8299 /* RedpacketBaseTableViewController.m */; };
		92006F891DE3F5C7004B8299 /* RedpacketFucListViewController.m in Sources */ = {isa = PBXBuildFile; fileRef = 92006F7C1DE3F5C7004B8299 /* RedpacketFucListViewController.m */; };
		92006F8A1DE3F5C7004B8299 /* RedpacketFucListViewController.xib in Resources */ = {isa = PBXBuildFile; fileRef = 92006F7D1DE3F5C7004B8299 /* RedpacketFucListViewController.xib */; };
		92006F8B1DE3F5C7004B8299 /* RedpacketGroupViewController.m in Sources */ = {isa = PBXBuildFile; fileRef = 92006F7F1DE3F5C7004B8299 /* RedpacketGroupViewController.m */; };
		92006F8C1DE3F5C7004B8299 /* RedpacketGroupViewController.xib in Resources */ = {isa = PBXBuildFile; fileRef = 92006F801DE3F5C7004B8299 /* RedpacketGroupViewController.xib */; };
		92006F8D1DE3F5C7004B8299 /* RedpacketMessageCell.m in Sources */ = {isa = PBXBuildFile; fileRef = 92006F821DE3F5C7004B8299 /* RedpacketMessageCell.m */; };
		92006F8E1DE3F5C7004B8299 /* RedpacketSingleViewController.m in Sources */ = {isa = PBXBuildFile; fileRef = 92006F841DE3F5C7004B8299 /* RedpacketSingleViewController.m */; };
		92006F8F1DE3F5C7004B8299 /* RedpacketSingleViewController.xib in Resources */ = {isa = PBXBuildFile; fileRef = 92006F851DE3F5C7004B8299 /* RedpacketSingleViewController.xib */; };
		92006F901DE3F5C7004B8299 /* RedpacketUser.m in Sources */ = {isa = PBXBuildFile; fileRef = 92006F871DE3F5C7004B8299 /* RedpacketUser.m */; };
		92006F951DE428B1004B8299 /* AboutMeViewController.m in Sources */ = {isa = PBXBuildFile; fileRef = 92006F931DE428B1004B8299 /* AboutMeViewController.m */; };
		92006F961DE428B1004B8299 /* AboutMeViewController.xib in Resources */ = {isa = PBXBuildFile; fileRef = 92006F941DE428B1004B8299 /* AboutMeViewController.xib */; };
		923AA1511D95282400A097B1 /* main.m in Sources */ = {isa = PBXBuildFile; fileRef = 923AA1501D95282400A097B1 /* main.m */; };
		923AA1541D95282400A097B1 /* AppDelegate.m in Sources */ = {isa = PBXBuildFile; fileRef = 923AA1531D95282400A097B1 /* AppDelegate.m */; };
		923AA15C1D95282400A097B1 /* Assets.xcassets in Resources */ = {isa = PBXBuildFile; fileRef = 923AA15B1D95282400A097B1 /* Assets.xcassets */; };
		923AA15F1D95282400A097B1 /* LaunchScreen.storyboard in Resources */ = {isa = PBXBuildFile; fileRef = 923AA15D1D95282400A097B1 /* LaunchScreen.storyboard */; };
		923AA1A61D953A2A00A097B1 /* CoreTelephony.framework in Frameworks */ = {isa = PBXBuildFile; fileRef = 923AA1A51D953A2A00A097B1 /* CoreTelephony.framework */; };
		923AA1A81D953A6300A097B1 /* libc++.tbd in Frameworks */ = {isa = PBXBuildFile; fileRef = 923AA1A71D953A6300A097B1 /* libc++.tbd */; };
		923AA1AA1D953A6B00A097B1 /* libz.tbd in Frameworks */ = {isa = PBXBuildFile; fileRef = 923AA1A91D953A6B00A097B1 /* libz.tbd */; };
		923AA1AC1D953A7300A097B1 /* SystemConfiguration.framework in Frameworks */ = {isa = PBXBuildFile; fileRef = 923AA1AB1D953A7300A097B1 /* SystemConfiguration.framework */; };
		923AA1AE1D953A7E00A097B1 /* QuartzCore.framework in Frameworks */ = {isa = PBXBuildFile; fileRef = 923AA1AD1D953A7E00A097B1 /* QuartzCore.framework */; };
		923AA1B01D953A8C00A097B1 /* CoreText.framework in Frameworks */ = {isa = PBXBuildFile; fileRef = 923AA1AF1D953A8C00A097B1 /* CoreText.framework */; };
		923AA1B21D953A9500A097B1 /* CoreGraphics.framework in Frameworks */ = {isa = PBXBuildFile; fileRef = 923AA1B11D953A9500A097B1 /* CoreGraphics.framework */; };
		923AA1B41D953A9E00A097B1 /* UIKit.framework in Frameworks */ = {isa = PBXBuildFile; fileRef = 923AA1B31D953A9E00A097B1 /* UIKit.framework */; };
		923AA1B61D953AB600A097B1 /* Foundation.framework in Frameworks */ = {isa = PBXBuildFile; fileRef = 923AA1B51D953AB600A097B1 /* Foundation.framework */; };
		923AA1B81D953ABD00A097B1 /* CFNetwork.framework in Frameworks */ = {isa = PBXBuildFile; fileRef = 923AA1B71D953ABD00A097B1 /* CFNetwork.framework */; };
		923AA1BA1D953AC700A097B1 /* CoreMotion.framework in Frameworks */ = {isa = PBXBuildFile; fileRef = 923AA1B91D953AC700A097B1 /* CoreMotion.framework */; };
		9242B6DD1DD44BB500FE7C9D /* libsqlite3.tbd in Frameworks */ = {isa = PBXBuildFile; fileRef = 9242B6DC1DD44BB500FE7C9D /* libsqlite3.tbd */; };
		9273C6B11DF695B7001DAE17 /* AppDelegate+Redpacket.m in Sources */ = {isa = PBXBuildFile; fileRef = 9273C6A61DF695B7001DAE17 /* AppDelegate+Redpacket.m */; };
		9273C6B21DF695B7001DAE17 /* RedpacketCellResource.bundle in Resources */ = {isa = PBXBuildFile; fileRef = 9273C6A71DF695B7001DAE17 /* RedpacketCellResource.bundle */; };
		9273C6B31DF695B7001DAE17 /* RedpacketConfig.m in Sources */ = {isa = PBXBuildFile; fileRef = 9273C6A91DF695B7001DAE17 /* RedpacketConfig.m */; };
		9273C6B41DF695B7001DAE17 /* RedPacketLuckView.m in Sources */ = {isa = PBXBuildFile; fileRef = 9273C6AC1DF695B7001DAE17 /* RedPacketLuckView.m */; };
		9273C6B51DF695B7001DAE17 /* RedpacketTakenMessageTipCell.m in Sources */ = {isa = PBXBuildFile; fileRef = 9273C6AE1DF695B7001DAE17 /* RedpacketTakenMessageTipCell.m */; };
		9273C6B61DF695B7001DAE17 /* RedpacketView.m in Sources */ = {isa = PBXBuildFile; fileRef = 9273C6B01DF695B7001DAE17 /* RedpacketView.m */; };
		929F11FD1DED6295000C0EE8 /* RedpacketUserLoginViewController.m in Sources */ = {isa = PBXBuildFile; fileRef = 929F11FB1DED6295000C0EE8 /* RedpacketUserLoginViewController.m */; };
		929F11FE1DED6295000C0EE8 /* RedpacketUserLoginViewController.xib in Resources */ = {isa = PBXBuildFile; fileRef = 929F11FC1DED6295000C0EE8 /* RedpacketUserLoginViewController.xib */; };
		DEB85566268AD075906F3C00 /* libPods-RedpacketDemo.a in Frameworks */ = {isa = PBXBuildFile; fileRef = 65565201F48F7A152EF6ACC6 /* libPods-RedpacketDemo.a */; };
/* End PBXBuildFile section */

/* Begin PBXCopyFilesBuildPhase section */
		929A98161DD32BC700C80DD6 /* CopyFiles */ = {
			isa = PBXCopyFilesBuildPhase;
			buildActionMask = 2147483647;
			dstPath = RedpacketStaticLib;
			dstSubfolderSpec = 10;
			files = (
			);
			runOnlyForDeploymentPostprocessing = 0;
		};
/* End PBXCopyFilesBuildPhase section */

/* Begin PBXFileReference section */
		1C30C8F7475EDAE8930D2900 /* Pods-RedpacketDemo.release.xcconfig */ = {isa = PBXFileReference; includeInIndex = 1; lastKnownFileType = text.xcconfig; name = "Pods-RedpacketDemo.release.xcconfig"; path = "Pods/Target Support Files/Pods-RedpacketDemo/Pods-RedpacketDemo.release.xcconfig"; sourceTree = "<group>"; };
		65565201F48F7A152EF6ACC6 /* libPods-RedpacketDemo.a */ = {isa = PBXFileReference; explicitFileType = archive.ar; includeInIndex = 0; path = "libPods-RedpacketDemo.a"; sourceTree = BUILT_PRODUCTS_DIR; };
		848D4BDF1DF7D6E500D99957 /* demo_back@2x.png */ = {isa = PBXFileReference; lastKnownFileType = image.png; path = "demo_back@2x.png"; sourceTree = "<group>"; };
		848D4BE01DF7D6E500D99957 /* demo_back@3x.png */ = {isa = PBXFileReference; lastKnownFileType = image.png; path = "demo_back@3x.png"; sourceTree = "<group>"; };
		848D4BE11DF7D6E500D99957 /* demo_header@2x.png */ = {isa = PBXFileReference; lastKnownFileType = image.png; path = "demo_header@2x.png"; sourceTree = "<group>"; };
		848D4BE21DF7D6E500D99957 /* demo_header@3x.png */ = {isa = PBXFileReference; lastKnownFileType = image.png; path = "demo_header@3x.png"; sourceTree = "<group>"; };
		848D4BE31DF7D6E500D99957 /* demo_header_small@2x.png */ = {isa = PBXFileReference; lastKnownFileType = image.png; path = "demo_header_small@2x.png"; sourceTree = "<group>"; };
		848D4BE41DF7D6E500D99957 /* demo_header_small@3x.png */ = {isa = PBXFileReference; lastKnownFileType = image.png; path = "demo_header_small@3x.png"; sourceTree = "<group>"; };
		848D4BE51DF7D6E500D99957 /* demo_logo@2x.png */ = {isa = PBXFileReference; lastKnownFileType = image.png; path = "demo_logo@2x.png"; sourceTree = "<group>"; };
		848D4BE61DF7D6E500D99957 /* demo_logo@3x.png */ = {isa = PBXFileReference; lastKnownFileType = image.png; path = "demo_logo@3x.png"; sourceTree = "<group>"; };
		848D4BE71DF7D6E500D99957 /* demo_redpacket_icon.png */ = {isa = PBXFileReference; lastKnownFileType = image.png; path = demo_redpacket_icon.png; sourceTree = "<group>"; };
		848D4BE81DF7D6E500D99957 /* demo_right@2x.png */ = {isa = PBXFileReference; lastKnownFileType = image.png; path = "demo_right@2x.png"; sourceTree = "<group>"; };
		848D4BE91DF7D6E500D99957 /* demo_right@3x.png */ = {isa = PBXFileReference; lastKnownFileType = image.png; path = "demo_right@3x.png"; sourceTree = "<group>"; };
		848D4BEA1DF7D6E500D99957 /* demo_right_tip@2x.png */ = {isa = PBXFileReference; lastKnownFileType = image.png; path = "demo_right_tip@2x.png"; sourceTree = "<group>"; };
		848D4BEB1DF7D6E500D99957 /* demo_right_tip@3x.png */ = {isa = PBXFileReference; lastKnownFileType = image.png; path = "demo_right_tip@3x.png"; sourceTree = "<group>"; };
		848D4BEC1DF7D6E500D99957 /* demo_right_tip_blue@2x.png */ = {isa = PBXFileReference; lastKnownFileType = image.png; path = "demo_right_tip_blue@2x.png"; sourceTree = "<group>"; };
		848D4BED1DF7D6E500D99957 /* demo_right_tip_blue@3x.png */ = {isa = PBXFileReference; lastKnownFileType = image.png; path = "demo_right_tip_blue@3x.png"; sourceTree = "<group>"; };
		848D4BEE1DF7D6E500D99957 /* errors.txt */ = {isa = PBXFileReference; fileEncoding = 4; lastKnownFileType = text; path = errors.txt; sourceTree = "<group>"; };
		92006F791DE3F5C7004B8299 /* RedpacketBaseTableViewController.h */ = {isa = PBXFileReference; fileEncoding = 4; lastKnownFileType = sourcecode.c.h; path = RedpacketBaseTableViewController.h; sourceTree = "<group>"; };
		92006F7A1DE3F5C7004B8299 /* RedpacketBaseTableViewController.m */ = {isa = PBXFileReference; fileEncoding = 4; lastKnownFileType = sourcecode.c.objc; path = RedpacketBaseTableViewController.m; sourceTree = "<group>"; };
		92006F7B1DE3F5C7004B8299 /* RedpacketFucListViewController.h */ = {isa = PBXFileReference; fileEncoding = 4; lastKnownFileType = sourcecode.c.h; path = RedpacketFucListViewController.h; sourceTree = "<group>"; };
		92006F7C1DE3F5C7004B8299 /* RedpacketFucListViewController.m */ = {isa = PBXFileReference; fileEncoding = 4; lastKnownFileType = sourcecode.c.objc; path = RedpacketFucListViewController.m; sourceTree = "<group>"; };
		92006F7D1DE3F5C7004B8299 /* RedpacketFucListViewController.xib */ = {isa = PBXFileReference; fileEncoding = 4; lastKnownFileType = file.xib; path = RedpacketFucListViewController.xib; sourceTree = "<group>"; };
		92006F7E1DE3F5C7004B8299 /* RedpacketGroupViewController.h */ = {isa = PBXFileReference; fileEncoding = 4; lastKnownFileType = sourcecode.c.h; path = RedpacketGroupViewController.h; sourceTree = "<group>"; };
		92006F7F1DE3F5C7004B8299 /* RedpacketGroupViewController.m */ = {isa = PBXFileReference; fileEncoding = 4; lastKnownFileType = sourcecode.c.objc; path = RedpacketGroupViewController.m; sourceTree = "<group>"; };
		92006F801DE3F5C7004B8299 /* RedpacketGroupViewController.xib */ = {isa = PBXFileReference; fileEncoding = 4; lastKnownFileType = file.xib; path = RedpacketGroupViewController.xib; sourceTree = "<group>"; };
		92006F811DE3F5C7004B8299 /* RedpacketMessageCell.h */ = {isa = PBXFileReference; fileEncoding = 4; lastKnownFileType = sourcecode.c.h; path = RedpacketMessageCell.h; sourceTree = "<group>"; };
		92006F821DE3F5C7004B8299 /* RedpacketMessageCell.m */ = {isa = PBXFileReference; fileEncoding = 4; lastKnownFileType = sourcecode.c.objc; path = RedpacketMessageCell.m; sourceTree = "<group>"; };
		92006F831DE3F5C7004B8299 /* RedpacketSingleViewController.h */ = {isa = PBXFileReference; fileEncoding = 4; lastKnownFileType = sourcecode.c.h; path = RedpacketSingleViewController.h; sourceTree = "<group>"; };
		92006F841DE3F5C7004B8299 /* RedpacketSingleViewController.m */ = {isa = PBXFileReference; fileEncoding = 4; lastKnownFileType = sourcecode.c.objc; path = RedpacketSingleViewController.m; sourceTree = "<group>"; };
		92006F851DE3F5C7004B8299 /* RedpacketSingleViewController.xib */ = {isa = PBXFileReference; fileEncoding = 4; lastKnownFileType = file.xib; path = RedpacketSingleViewController.xib; sourceTree = "<group>"; };
		92006F861DE3F5C7004B8299 /* RedpacketUser.h */ = {isa = PBXFileReference; fileEncoding = 4; lastKnownFileType = sourcecode.c.h; path = RedpacketUser.h; sourceTree = "<group>"; };
		92006F871DE3F5C7004B8299 /* RedpacketUser.m */ = {isa = PBXFileReference; fileEncoding = 4; lastKnownFileType = sourcecode.c.objc; path = RedpacketUser.m; sourceTree = "<group>"; };
		92006F921DE428B1004B8299 /* AboutMeViewController.h */ = {isa = PBXFileReference; fileEncoding = 4; lastKnownFileType = sourcecode.c.h; path = AboutMeViewController.h; sourceTree = "<group>"; };
		92006F931DE428B1004B8299 /* AboutMeViewController.m */ = {isa = PBXFileReference; fileEncoding = 4; lastKnownFileType = sourcecode.c.objc; path = AboutMeViewController.m; sourceTree = "<group>"; };
		92006F941DE428B1004B8299 /* AboutMeViewController.xib */ = {isa = PBXFileReference; fileEncoding = 4; lastKnownFileType = file.xib; path = AboutMeViewController.xib; sourceTree = "<group>"; };
		923AA14C1D95282400A097B1 /* RedpacketDemo.app */ = {isa = PBXFileReference; explicitFileType = wrapper.application; includeInIndex = 0; path = RedpacketDemo.app; sourceTree = BUILT_PRODUCTS_DIR; };
		923AA1501D95282400A097B1 /* main.m */ = {isa = PBXFileReference; lastKnownFileType = sourcecode.c.objc; path = main.m; sourceTree = "<group>"; };
		923AA1521D95282400A097B1 /* AppDelegate.h */ = {isa = PBXFileReference; lastKnownFileType = sourcecode.c.h; path = AppDelegate.h; sourceTree = "<group>"; };
		923AA1531D95282400A097B1 /* AppDelegate.m */ = {isa = PBXFileReference; lastKnownFileType = sourcecode.c.objc; path = AppDelegate.m; sourceTree = "<group>"; };
		923AA15B1D95282400A097B1 /* Assets.xcassets */ = {isa = PBXFileReference; lastKnownFileType = folder.assetcatalog; path = Assets.xcassets; sourceTree = "<group>"; };
		923AA15E1D95282400A097B1 /* Base */ = {isa = PBXFileReference; lastKnownFileType = file.storyboard; name = Base; path = Base.lproj/LaunchScreen.storyboard; sourceTree = "<group>"; };
		923AA1601D95282400A097B1 /* Info.plist */ = {isa = PBXFileReference; lastKnownFileType = text.plist.xml; path = Info.plist; sourceTree = "<group>"; };
		923AA1A51D953A2A00A097B1 /* CoreTelephony.framework */ = {isa = PBXFileReference; lastKnownFileType = wrapper.framework; name = CoreTelephony.framework; path = System/Library/Frameworks/CoreTelephony.framework; sourceTree = SDKROOT; };
		923AA1A71D953A6300A097B1 /* libc++.tbd */ = {isa = PBXFileReference; lastKnownFileType = "sourcecode.text-based-dylib-definition"; name = "libc++.tbd"; path = "usr/lib/libc++.tbd"; sourceTree = SDKROOT; };
		923AA1A91D953A6B00A097B1 /* libz.tbd */ = {isa = PBXFileReference; lastKnownFileType = "sourcecode.text-based-dylib-definition"; name = libz.tbd; path = usr/lib/libz.tbd; sourceTree = SDKROOT; };
		923AA1AB1D953A7300A097B1 /* SystemConfiguration.framework */ = {isa = PBXFileReference; lastKnownFileType = wrapper.framework; name = SystemConfiguration.framework; path = System/Library/Frameworks/SystemConfiguration.framework; sourceTree = SDKROOT; };
		923AA1AD1D953A7E00A097B1 /* QuartzCore.framework */ = {isa = PBXFileReference; lastKnownFileType = wrapper.framework; name = QuartzCore.framework; path = System/Library/Frameworks/QuartzCore.framework; sourceTree = SDKROOT; };
		923AA1AF1D953A8C00A097B1 /* CoreText.framework */ = {isa = PBXFileReference; lastKnownFileType = wrapper.framework; name = CoreText.framework; path = System/Library/Frameworks/CoreText.framework; sourceTree = SDKROOT; };
		923AA1B11D953A9500A097B1 /* CoreGraphics.framework */ = {isa = PBXFileReference; lastKnownFileType = wrapper.framework; name = CoreGraphics.framework; path = System/Library/Frameworks/CoreGraphics.framework; sourceTree = SDKROOT; };
		923AA1B31D953A9E00A097B1 /* UIKit.framework */ = {isa = PBXFileReference; lastKnownFileType = wrapper.framework; name = UIKit.framework; path = System/Library/Frameworks/UIKit.framework; sourceTree = SDKROOT; };
		923AA1B51D953AB600A097B1 /* Foundation.framework */ = {isa = PBXFileReference; lastKnownFileType = wrapper.framework; name = Foundation.framework; path = System/Library/Frameworks/Foundation.framework; sourceTree = SDKROOT; };
		923AA1B71D953ABD00A097B1 /* CFNetwork.framework */ = {isa = PBXFileReference; lastKnownFileType = wrapper.framework; name = CFNetwork.framework; path = System/Library/Frameworks/CFNetwork.framework; sourceTree = SDKROOT; };
		923AA1B91D953AC700A097B1 /* CoreMotion.framework */ = {isa = PBXFileReference; lastKnownFileType = wrapper.framework; name = CoreMotion.framework; path = System/Library/Frameworks/CoreMotion.framework; sourceTree = SDKROOT; };
		9242B6DC1DD44BB500FE7C9D /* libsqlite3.tbd */ = {isa = PBXFileReference; lastKnownFileType = "sourcecode.text-based-dylib-definition"; name = libsqlite3.tbd; path = usr/lib/libsqlite3.tbd; sourceTree = SDKROOT; };
		9273C6A51DF695B7001DAE17 /* AppDelegate+Redpacket.h */ = {isa = PBXFileReference; fileEncoding = 4; lastKnownFileType = sourcecode.c.h; path = "AppDelegate+Redpacket.h"; sourceTree = "<group>"; };
		9273C6A61DF695B7001DAE17 /* AppDelegate+Redpacket.m */ = {isa = PBXFileReference; fileEncoding = 4; lastKnownFileType = sourcecode.c.objc; path = "AppDelegate+Redpacket.m"; sourceTree = "<group>"; };
		9273C6A71DF695B7001DAE17 /* RedpacketCellResource.bundle */ = {isa = PBXFileReference; lastKnownFileType = "wrapper.plug-in"; path = RedpacketCellResource.bundle; sourceTree = "<group>"; };
		9273C6A81DF695B7001DAE17 /* RedpacketConfig.h */ = {isa = PBXFileReference; fileEncoding = 4; lastKnownFileType = sourcecode.c.h; path = RedpacketConfig.h; sourceTree = "<group>"; };
		9273C6A91DF695B7001DAE17 /* RedpacketConfig.m */ = {isa = PBXFileReference; fileEncoding = 4; lastKnownFileType = sourcecode.c.objc; path = RedpacketConfig.m; sourceTree = "<group>"; };
		9273C6AA1DF695B7001DAE17 /* RedpacketDefines.h */ = {isa = PBXFileReference; fileEncoding = 4; lastKnownFileType = sourcecode.c.h; path = RedpacketDefines.h; sourceTree = "<group>"; };
		9273C6AB1DF695B7001DAE17 /* RedPacketLuckView.h */ = {isa = PBXFileReference; fileEncoding = 4; lastKnownFileType = sourcecode.c.h; path = RedPacketLuckView.h; sourceTree = "<group>"; };
		9273C6AC1DF695B7001DAE17 /* RedPacketLuckView.m */ = {isa = PBXFileReference; fileEncoding = 4; lastKnownFileType = sourcecode.c.objc; path = RedPacketLuckView.m; sourceTree = "<group>"; };
		9273C6AD1DF695B7001DAE17 /* RedpacketTakenMessageTipCell.h */ = {isa = PBXFileReference; fileEncoding = 4; lastKnownFileType = sourcecode.c.h; path = RedpacketTakenMessageTipCell.h; sourceTree = "<group>"; };
		9273C6AE1DF695B7001DAE17 /* RedpacketTakenMessageTipCell.m */ = {isa = PBXFileReference; fileEncoding = 4; lastKnownFileType = sourcecode.c.objc; path = RedpacketTakenMessageTipCell.m; sourceTree = "<group>"; };
		9273C6AF1DF695B7001DAE17 /* RedpacketView.h */ = {isa = PBXFileReference; fileEncoding = 4; lastKnownFileType = sourcecode.c.h; path = RedpacketView.h; sourceTree = "<group>"; };
		9273C6B01DF695B7001DAE17 /* RedpacketView.m */ = {isa = PBXFileReference; fileEncoding = 4; lastKnownFileType = sourcecode.c.objc; path = RedpacketView.m; sourceTree = "<group>"; };
		929F11FA1DED6295000C0EE8 /* RedpacketUserLoginViewController.h */ = {isa = PBXFileReference; fileEncoding = 4; lastKnownFileType = sourcecode.c.h; path = RedpacketUserLoginViewController.h; sourceTree = "<group>"; };
		929F11FB1DED6295000C0EE8 /* RedpacketUserLoginViewController.m */ = {isa = PBXFileReference; fileEncoding = 4; lastKnownFileType = sourcecode.c.objc; path = RedpacketUserLoginViewController.m; sourceTree = "<group>"; };
		929F11FC1DED6295000C0EE8 /* RedpacketUserLoginViewController.xib */ = {isa = PBXFileReference; fileEncoding = 4; lastKnownFileType = file.xib; path = RedpacketUserLoginViewController.xib; sourceTree = "<group>"; };
		F05AD7BB19DECFBD13135DB3 /* Pods-RedpacketDemo.debug.xcconfig */ = {isa = PBXFileReference; includeInIndex = 1; lastKnownFileType = text.xcconfig; name = "Pods-RedpacketDemo.debug.xcconfig"; path = "Pods/Target Support Files/Pods-RedpacketDemo/Pods-RedpacketDemo.debug.xcconfig"; sourceTree = "<group>"; };
/* End PBXFileReference section */

/* Begin PBXFrameworksBuildPhase section */
		923AA1491D95282400A097B1 /* Frameworks */ = {
			isa = PBXFrameworksBuildPhase;
			buildActionMask = 2147483647;
			files = (
				9242B6DD1DD44BB500FE7C9D /* libsqlite3.tbd in Frameworks */,
				923AA1BA1D953AC700A097B1 /* CoreMotion.framework in Frameworks */,
				923AA1B81D953ABD00A097B1 /* CFNetwork.framework in Frameworks */,
				923AA1B61D953AB600A097B1 /* Foundation.framework in Frameworks */,
				923AA1B41D953A9E00A097B1 /* UIKit.framework in Frameworks */,
				923AA1B21D953A9500A097B1 /* CoreGraphics.framework in Frameworks */,
				923AA1B01D953A8C00A097B1 /* CoreText.framework in Frameworks */,
				923AA1AE1D953A7E00A097B1 /* QuartzCore.framework in Frameworks */,
				923AA1AC1D953A7300A097B1 /* SystemConfiguration.framework in Frameworks */,
				923AA1AA1D953A6B00A097B1 /* libz.tbd in Frameworks */,
				923AA1A81D953A6300A097B1 /* libc++.tbd in Frameworks */,
				923AA1A61D953A2A00A097B1 /* CoreTelephony.framework in Frameworks */,
				DEB85566268AD075906F3C00 /* libPods-RedpacketDemo.a in Frameworks */,
			);
			runOnlyForDeploymentPostprocessing = 0;
		};
/* End PBXFrameworksBuildPhase section */

/* Begin PBXGroup section */
		12F8D2269CF6B050068D7334 /* Frameworks */ = {
			isa = PBXGroup;
			children = (
				9242B6DC1DD44BB500FE7C9D /* libsqlite3.tbd */,
				923AA1B91D953AC700A097B1 /* CoreMotion.framework */,
				923AA1B71D953ABD00A097B1 /* CFNetwork.framework */,
				923AA1B51D953AB600A097B1 /* Foundation.framework */,
				923AA1B31D953A9E00A097B1 /* UIKit.framework */,
				923AA1B11D953A9500A097B1 /* CoreGraphics.framework */,
				923AA1AF1D953A8C00A097B1 /* CoreText.framework */,
				923AA1AD1D953A7E00A097B1 /* QuartzCore.framework */,
				923AA1AB1D953A7300A097B1 /* SystemConfiguration.framework */,
				923AA1A91D953A6B00A097B1 /* libz.tbd */,
				923AA1A71D953A6300A097B1 /* libc++.tbd */,
				923AA1A51D953A2A00A097B1 /* CoreTelephony.framework */,
				65565201F48F7A152EF6ACC6 /* libPods-RedpacketDemo.a */,
			);
			name = Frameworks;
			sourceTree = "<group>";
		};
		848D4BDE1DF7D6E500D99957 /* Image */ = {
			isa = PBXGroup;
			children = (
				848D4BDF1DF7D6E500D99957 /* demo_back@2x.png */,
				848D4BE01DF7D6E500D99957 /* demo_back@3x.png */,
				848D4BE11DF7D6E500D99957 /* demo_header@2x.png */,
				848D4BE21DF7D6E500D99957 /* demo_header@3x.png */,
				848D4BE31DF7D6E500D99957 /* demo_header_small@2x.png */,
				848D4BE41DF7D6E500D99957 /* demo_header_small@3x.png */,
				848D4BE51DF7D6E500D99957 /* demo_logo@2x.png */,
				848D4BE61DF7D6E500D99957 /* demo_logo@3x.png */,
				848D4BE71DF7D6E500D99957 /* demo_redpacket_icon.png */,
				848D4BE81DF7D6E500D99957 /* demo_right@2x.png */,
				848D4BE91DF7D6E500D99957 /* demo_right@3x.png */,
				848D4BEA1DF7D6E500D99957 /* demo_right_tip@2x.png */,
				848D4BEB1DF7D6E500D99957 /* demo_right_tip@3x.png */,
				848D4BEC1DF7D6E500D99957 /* demo_right_tip_blue@2x.png */,
				848D4BED1DF7D6E500D99957 /* demo_right_tip_blue@3x.png */,
				848D4BEE1DF7D6E500D99957 /* errors.txt */,
			);
			path = Image;
			sourceTree = SOURCE_ROOT;
		};
		92006F911DE3F5CB004B8299 /* RedpacketUser */ = {
			isa = PBXGroup;
			children = (
				92006F861DE3F5C7004B8299 /* RedpacketUser.h */,
				92006F871DE3F5C7004B8299 /* RedpacketUser.m */,
			);
			name = RedpacketUser;
			sourceTree = "<group>";
		};
		923AA1431D95282400A097B1 = {
			isa = PBXGroup;
			children = (
				929F12051DEDA076000C0EE8 /* RedpacketSDK */,
				923AA14E1D95282400A097B1 /* RedpacketDemo */,
				923AA14D1D95282400A097B1 /* Products */,
				CF06FFB308AA18E8BD1CBA74 /* Pods */,
				12F8D2269CF6B050068D7334 /* Frameworks */,
			);
			sourceTree = "<group>";
		};
		923AA14D1D95282400A097B1 /* Products */ = {
			isa = PBXGroup;
			children = (
				923AA14C1D95282400A097B1 /* RedpacketDemo.app */,
			);
			name = Products;
			sourceTree = "<group>";
		};
		923AA14E1D95282400A097B1 /* RedpacketDemo */ = {
			isa = PBXGroup;
			children = (
				848D4BDE1DF7D6E500D99957 /* Image */,
				92006F911DE3F5CB004B8299 /* RedpacketUser */,
				929F11FA1DED6295000C0EE8 /* RedpacketUserLoginViewController.h */,
				929F11FB1DED6295000C0EE8 /* RedpacketUserLoginViewController.m */,
				929F11FC1DED6295000C0EE8 /* RedpacketUserLoginViewController.xib */,
				92006F791DE3F5C7004B8299 /* RedpacketBaseTableViewController.h */,
				92006F7A1DE3F5C7004B8299 /* RedpacketBaseTableViewController.m */,
				92006F7B1DE3F5C7004B8299 /* RedpacketFucListViewController.h */,
				92006F7C1DE3F5C7004B8299 /* RedpacketFucListViewController.m */,
				92006F7D1DE3F5C7004B8299 /* RedpacketFucListViewController.xib */,
				92006F831DE3F5C7004B8299 /* RedpacketSingleViewController.h */,
				92006F841DE3F5C7004B8299 /* RedpacketSingleViewController.m */,
				92006F851DE3F5C7004B8299 /* RedpacketSingleViewController.xib */,
				92006F7E1DE3F5C7004B8299 /* RedpacketGroupViewController.h */,
				92006F7F1DE3F5C7004B8299 /* RedpacketGroupViewController.m */,
				92006F801DE3F5C7004B8299 /* RedpacketGroupViewController.xib */,
				92006F921DE428B1004B8299 /* AboutMeViewController.h */,
				92006F931DE428B1004B8299 /* AboutMeViewController.m */,
				92006F941DE428B1004B8299 /* AboutMeViewController.xib */,
				92006F811DE3F5C7004B8299 /* RedpacketMessageCell.h */,
				92006F821DE3F5C7004B8299 /* RedpacketMessageCell.m */,
				923AA1521D95282400A097B1 /* AppDelegate.h */,
				923AA1531D95282400A097B1 /* AppDelegate.m */,
				923AA15B1D95282400A097B1 /* Assets.xcassets */,
				923AA15D1D95282400A097B1 /* LaunchScreen.storyboard */,
				923AA1601D95282400A097B1 /* Info.plist */,
				923AA14F1D95282400A097B1 /* Supporting Files */,
			);
			path = RedpacketDemo;
			sourceTree = "<group>";
		};
		923AA14F1D95282400A097B1 /* Supporting Files */ = {
			isa = PBXGroup;
			children = (
				923AA1501D95282400A097B1 /* main.m */,
			);
			name = "Supporting Files";
			sourceTree = "<group>";
		};
		9273C6A41DF695B7001DAE17 /* RedpacketOpen */ = {
			isa = PBXGroup;
			children = (
				9273C6A51DF695B7001DAE17 /* AppDelegate+Redpacket.h */,
				9273C6A61DF695B7001DAE17 /* AppDelegate+Redpacket.m */,
				9273C6A71DF695B7001DAE17 /* RedpacketCellResource.bundle */,
				9273C6A81DF695B7001DAE17 /* RedpacketConfig.h */,
				9273C6A91DF695B7001DAE17 /* RedpacketConfig.m */,
				9273C6AA1DF695B7001DAE17 /* RedpacketDefines.h */,
				9273C6AB1DF695B7001DAE17 /* RedPacketLuckView.h */,
				9273C6AC1DF695B7001DAE17 /* RedPacketLuckView.m */,
				9273C6AD1DF695B7001DAE17 /* RedpacketTakenMessageTipCell.h */,
				9273C6AE1DF695B7001DAE17 /* RedpacketTakenMessageTipCell.m */,
				9273C6AF1DF695B7001DAE17 /* RedpacketView.h */,
				9273C6B01DF695B7001DAE17 /* RedpacketView.m */,
			);
			path = RedpacketOpen;
			sourceTree = "<group>";
		};
		929F12051DEDA076000C0EE8 /* RedpacketSDK */ = {
			isa = PBXGroup;
			children = (
				9273C6A41DF695B7001DAE17 /* RedpacketOpen */,
			);
			path = RedpacketSDK;
			sourceTree = SOURCE_ROOT;
		};
		CF06FFB308AA18E8BD1CBA74 /* Pods */ = {
			isa = PBXGroup;
			children = (
				F05AD7BB19DECFBD13135DB3 /* Pods-RedpacketDemo.debug.xcconfig */,
				1C30C8F7475EDAE8930D2900 /* Pods-RedpacketDemo.release.xcconfig */,
			);
			name = Pods;
			sourceTree = "<group>";
		};
/* End PBXGroup section */

/* Begin PBXNativeTarget section */
		923AA14B1D95282400A097B1 /* RedpacketDemo */ = {
			isa = PBXNativeTarget;
			buildConfigurationList = 923AA1631D95282400A097B1 /* Build configuration list for PBXNativeTarget "RedpacketDemo" */;
			buildPhases = (
				9AC7CBF8D4198AAC211AF8E3 /* [CP] Check Pods Manifest.lock */,
				923AA1481D95282400A097B1 /* Sources */,
				923AA1491D95282400A097B1 /* Frameworks */,
				923AA14A1D95282400A097B1 /* Resources */,
				BD5A27184357051644F55376 /* [CP] Embed Pods Frameworks */,
				56190487E7FA645618885E09 /* [CP] Copy Pods Resources */,
				929A98161DD32BC700C80DD6 /* CopyFiles */,
			);
			buildRules = (
			);
			dependencies = (
			);
			name = RedpacketDemo;
			productName = RedpacketDemo;
			productReference = 923AA14C1D95282400A097B1 /* RedpacketDemo.app */;
			productType = "com.apple.product-type.application";
		};
/* End PBXNativeTarget section */

/* Begin PBXProject section */
		923AA1441D95282400A097B1 /* Project object */ = {
			isa = PBXProject;
			attributes = {
				LastUpgradeCheck = 0810;
				ORGANIZATIONNAME = Mr.Yang;
				TargetAttributes = {
					923AA14B1D95282400A097B1 = {
						CreatedOnToolsVersion = 8.0;
						DevelopmentTeam = PUEB48NTQQ;
						ProvisioningStyle = Automatic;
					};
				};
			};
			buildConfigurationList = 923AA1471D95282400A097B1 /* Build configuration list for PBXProject "RedpacketDemo" */;
			compatibilityVersion = "Xcode 3.2";
			developmentRegion = English;
			hasScannedForEncodings = 0;
			knownRegions = (
				en,
				Base,
			);
			mainGroup = 923AA1431D95282400A097B1;
			productRefGroup = 923AA14D1D95282400A097B1 /* Products */;
			projectDirPath = "";
			projectRoot = "";
			targets = (
				923AA14B1D95282400A097B1 /* RedpacketDemo */,
			);
		};
/* End PBXProject section */

/* Begin PBXResourcesBuildPhase section */
		923AA14A1D95282400A097B1 /* Resources */ = {
			isa = PBXResourcesBuildPhase;
			buildActionMask = 2147483647;
			files = (
				848D4BFA1DF7D6E500D99957 /* demo_right_tip@2x.png in Resources */,
				848D4BF91DF7D6E500D99957 /* demo_right@3x.png in Resources */,
				848D4BFB1DF7D6E500D99957 /* demo_right_tip@3x.png in Resources */,
				848D4BEF1DF7D6E500D99957 /* demo_back@2x.png in Resources */,
				923AA15F1D95282400A097B1 /* LaunchScreen.storyboard in Resources */,
				848D4BFE1DF7D6E500D99957 /* errors.txt in Resources */,
				848D4BF51DF7D6E500D99957 /* demo_logo@2x.png in Resources */,
				848D4BF61DF7D6E500D99957 /* demo_logo@3x.png in Resources */,
				92006F8C1DE3F5C7004B8299 /* RedpacketGroupViewController.xib in Resources */,
				848D4BF11DF7D6E500D99957 /* demo_header@2x.png in Resources */,
				848D4BF01DF7D6E500D99957 /* demo_back@3x.png in Resources */,
				848D4BF41DF7D6E500D99957 /* demo_header_small@3x.png in Resources */,
				92006F8F1DE3F5C7004B8299 /* RedpacketSingleViewController.xib in Resources */,
				92006F8A1DE3F5C7004B8299 /* RedpacketFucListViewController.xib in Resources */,
				92006F961DE428B1004B8299 /* AboutMeViewController.xib in Resources */,
				923AA15C1D95282400A097B1 /* Assets.xcassets in Resources */,
				848D4BF81DF7D6E500D99957 /* demo_right@2x.png in Resources */,
				848D4BF31DF7D6E500D99957 /* demo_header_small@2x.png in Resources */,
				848D4BF21DF7D6E500D99957 /* demo_header@3x.png in Resources */,
				848D4BF71DF7D6E500D99957 /* demo_redpacket_icon.png in Resources */,
				929F11FE1DED6295000C0EE8 /* RedpacketUserLoginViewController.xib in Resources */,
				848D4BFC1DF7D6E500D99957 /* demo_right_tip_blue@2x.png in Resources */,
				9273C6B21DF695B7001DAE17 /* RedpacketCellResource.bundle in Resources */,
				848D4BFD1DF7D6E500D99957 /* demo_right_tip_blue@3x.png in Resources */,
			);
			runOnlyForDeploymentPostprocessing = 0;
		};
/* End PBXResourcesBuildPhase section */

/* Begin PBXShellScriptBuildPhase section */
		56190487E7FA645618885E09 /* [CP] Copy Pods Resources */ = {
			isa = PBXShellScriptBuildPhase;
			buildActionMask = 2147483647;
			files = (
			);
			inputPaths = (
			);
			name = "[CP] Copy Pods Resources";
			outputPaths = (
			);
			runOnlyForDeploymentPostprocessing = 0;
			shellPath = /bin/sh;
			shellScript = "\"${SRCROOT}/Pods/Target Support Files/Pods-RedpacketDemo/Pods-RedpacketDemo-resources.sh\"\n";
			showEnvVarsInLog = 0;
		};
		9AC7CBF8D4198AAC211AF8E3 /* [CP] Check Pods Manifest.lock */ = {
			isa = PBXShellScriptBuildPhase;
			buildActionMask = 2147483647;
			files = (
			);
			inputPaths = (
			);
			name = "[CP] Check Pods Manifest.lock";
			outputPaths = (
			);
			runOnlyForDeploymentPostprocessing = 0;
			shellPath = /bin/sh;
			shellScript = "diff \"${PODS_ROOT}/../Podfile.lock\" \"${PODS_ROOT}/Manifest.lock\" > /dev/null\nif [ $? != 0 ] ; then\n    # print error to STDERR\n    echo \"error: The sandbox is not in sync with the Podfile.lock. Run 'pod install' or update your CocoaPods installation.\" >&2\n    exit 1\nfi\n";
			showEnvVarsInLog = 0;
		};
		BD5A27184357051644F55376 /* [CP] Embed Pods Frameworks */ = {
			isa = PBXShellScriptBuildPhase;
			buildActionMask = 2147483647;
			files = (
			);
			inputPaths = (
			);
			name = "[CP] Embed Pods Frameworks";
			outputPaths = (
			);
			runOnlyForDeploymentPostprocessing = 0;
			shellPath = /bin/sh;
			shellScript = "\"${SRCROOT}/Pods/Target Support Files/Pods-RedpacketDemo/Pods-RedpacketDemo-frameworks.sh\"\n";
			showEnvVarsInLog = 0;
		};
/* End PBXShellScriptBuildPhase section */

/* Begin PBXSourcesBuildPhase section */
		923AA1481D95282400A097B1 /* Sources */ = {
			isa = PBXSourcesBuildPhase;
			buildActionMask = 2147483647;
			files = (
				92006F8E1DE3F5C7004B8299 /* RedpacketSingleViewController.m in Sources */,
				92006F8D1DE3F5C7004B8299 /* RedpacketMessageCell.m in Sources */,
				92006F8B1DE3F5C7004B8299 /* RedpacketGroupViewController.m in Sources */,
				92006F901DE3F5C7004B8299 /* RedpacketUser.m in Sources */,
				9273C6B11DF695B7001DAE17 /* AppDelegate+Redpacket.m in Sources */,
				9273C6B31DF695B7001DAE17 /* RedpacketConfig.m in Sources */,
				92006F891DE3F5C7004B8299 /* RedpacketFucListViewController.m in Sources */,
				92006F881DE3F5C7004B8299 /* RedpacketBaseTableViewController.m in Sources */,
				923AA1541D95282400A097B1 /* AppDelegate.m in Sources */,
				9273C6B51DF695B7001DAE17 /* RedpacketTakenMessageTipCell.m in Sources */,
				929F11FD1DED6295000C0EE8 /* RedpacketUserLoginViewController.m in Sources */,
				9273C6B61DF695B7001DAE17 /* RedpacketView.m in Sources */,
				9273C6B41DF695B7001DAE17 /* RedPacketLuckView.m in Sources */,
				92006F951DE428B1004B8299 /* AboutMeViewController.m in Sources */,
				923AA1511D95282400A097B1 /* main.m in Sources */,
			);
			runOnlyForDeploymentPostprocessing = 0;
		};
/* End PBXSourcesBuildPhase section */

/* Begin PBXVariantGroup section */
		923AA15D1D95282400A097B1 /* LaunchScreen.storyboard */ = {
			isa = PBXVariantGroup;
			children = (
				923AA15E1D95282400A097B1 /* Base */,
			);
			name = LaunchScreen.storyboard;
			sourceTree = "<group>";
		};
/* End PBXVariantGroup section */

/* Begin XCBuildConfiguration section */
		923AA1611D95282400A097B1 /* Debug */ = {
			isa = XCBuildConfiguration;
			buildSettings = {
				ALWAYS_SEARCH_USER_PATHS = NO;
				CLANG_ANALYZER_NONNULL = YES;
				CLANG_CXX_LANGUAGE_STANDARD = "gnu++0x";
				CLANG_CXX_LIBRARY = "libc++";
				CLANG_ENABLE_MODULES = YES;
				CLANG_ENABLE_OBJC_ARC = YES;
				CLANG_WARN_BOOL_CONVERSION = YES;
				CLANG_WARN_CONSTANT_CONVERSION = YES;
				CLANG_WARN_DIRECT_OBJC_ISA_USAGE = YES_ERROR;
				CLANG_WARN_DOCUMENTATION_COMMENTS = YES;
				CLANG_WARN_EMPTY_BODY = YES;
				CLANG_WARN_ENUM_CONVERSION = YES;
				CLANG_WARN_INFINITE_RECURSION = YES;
				CLANG_WARN_INT_CONVERSION = YES;
				CLANG_WARN_OBJC_ROOT_CLASS = YES_ERROR;
				CLANG_WARN_SUSPICIOUS_MOVE = YES;
				CLANG_WARN_SUSPICIOUS_MOVES = YES;
				CLANG_WARN_UNREACHABLE_CODE = YES;
				CLANG_WARN__DUPLICATE_METHOD_MATCH = YES;
				"CODE_SIGN_IDENTITY[sdk=iphoneos*]" = "iPhone Developer";
				COPY_PHASE_STRIP = NO;
				DEBUG_INFORMATION_FORMAT = dwarf;
				ENABLE_STRICT_OBJC_MSGSEND = YES;
				ENABLE_TESTABILITY = YES;
				GCC_C_LANGUAGE_STANDARD = gnu99;
				GCC_DYNAMIC_NO_PIC = NO;
				GCC_NO_COMMON_BLOCKS = YES;
				GCC_OPTIMIZATION_LEVEL = 0;
				GCC_PREPROCESSOR_DEFINITIONS = (
					"DEBUG=1",
					"$(inherited)",
				);
				GCC_WARN_64_TO_32_BIT_CONVERSION = YES;
				GCC_WARN_ABOUT_RETURN_TYPE = YES_ERROR;
				GCC_WARN_UNDECLARED_SELECTOR = YES;
				GCC_WARN_UNINITIALIZED_AUTOS = YES_AGGRESSIVE;
				GCC_WARN_UNUSED_FUNCTION = YES;
				GCC_WARN_UNUSED_VARIABLE = YES;
				IPHONEOS_DEPLOYMENT_TARGET = 7.0;
				MTL_ENABLE_DEBUG_INFO = YES;
				ONLY_ACTIVE_ARCH = YES;
				SDKROOT = iphoneos;
				TARGETED_DEVICE_FAMILY = "1,2";
			};
			name = Debug;
		};
		923AA1621D95282400A097B1 /* Release */ = {
			isa = XCBuildConfiguration;
			buildSettings = {
				ALWAYS_SEARCH_USER_PATHS = NO;
				CLANG_ANALYZER_NONNULL = YES;
				CLANG_CXX_LANGUAGE_STANDARD = "gnu++0x";
				CLANG_CXX_LIBRARY = "libc++";
				CLANG_ENABLE_MODULES = YES;
				CLANG_ENABLE_OBJC_ARC = YES;
				CLANG_WARN_BOOL_CONVERSION = YES;
				CLANG_WARN_CONSTANT_CONVERSION = YES;
				CLANG_WARN_DIRECT_OBJC_ISA_USAGE = YES_ERROR;
				CLANG_WARN_DOCUMENTATION_COMMENTS = YES;
				CLANG_WARN_EMPTY_BODY = YES;
				CLANG_WARN_ENUM_CONVERSION = YES;
				CLANG_WARN_INFINITE_RECURSION = YES;
				CLANG_WARN_INT_CONVERSION = YES;
				CLANG_WARN_OBJC_ROOT_CLASS = YES_ERROR;
				CLANG_WARN_SUSPICIOUS_MOVE = YES;
				CLANG_WARN_SUSPICIOUS_MOVES = YES;
				CLANG_WARN_UNREACHABLE_CODE = YES;
				CLANG_WARN__DUPLICATE_METHOD_MATCH = YES;
				"CODE_SIGN_IDENTITY[sdk=iphoneos*]" = "iPhone Developer";
				COPY_PHASE_STRIP = NO;
				DEBUG_INFORMATION_FORMAT = "dwarf-with-dsym";
				ENABLE_NS_ASSERTIONS = NO;
				ENABLE_STRICT_OBJC_MSGSEND = YES;
				GCC_C_LANGUAGE_STANDARD = gnu99;
				GCC_NO_COMMON_BLOCKS = YES;
				GCC_WARN_64_TO_32_BIT_CONVERSION = YES;
				GCC_WARN_ABOUT_RETURN_TYPE = YES_ERROR;
				GCC_WARN_UNDECLARED_SELECTOR = YES;
				GCC_WARN_UNINITIALIZED_AUTOS = YES_AGGRESSIVE;
				GCC_WARN_UNUSED_FUNCTION = YES;
				GCC_WARN_UNUSED_VARIABLE = YES;
				IPHONEOS_DEPLOYMENT_TARGET = 7.0;
				MTL_ENABLE_DEBUG_INFO = NO;
				SDKROOT = iphoneos;
				TARGETED_DEVICE_FAMILY = "1,2";
				VALIDATE_PRODUCT = YES;
			};
			name = Release;
		};
		923AA1641D95282400A097B1 /* Debug */ = {
			isa = XCBuildConfiguration;
			baseConfigurationReference = F05AD7BB19DECFBD13135DB3 /* Pods-RedpacketDemo.debug.xcconfig */;
			buildSettings = {
				ASSETCATALOG_COMPILER_APPICON_NAME = AppIcon;
				DEVELOPMENT_TEAM = PUEB48NTQQ;
				ENABLE_BITCODE = NO;
				INFOPLIST_FILE = RedpacketDemo/Info.plist;
				IPHONEOS_DEPLOYMENT_TARGET = 7.0;
				LD_RUNPATH_SEARCH_PATHS = "$(inherited) @executable_path/Frameworks";
				LIBRARY_SEARCH_PATHS = "$(inherited)";
				OTHER_LDFLAGS = (
					"-ObjC",
					"-l\"AFNetworking\"",
					"-framework",
					"\"CoreGraphics\"",
					"-framework",
					"\"MobileCoreServices\"",
					"-framework",
					"\"Security\"",
					"-framework",
					"\"SystemConfiguration\"",
					"$(inherited)",
				);
				PRODUCT_BUNDLE_IDENTIFIER = "-----.RedpacketDemo";
				PRODUCT_NAME = "$(TARGET_NAME)";
			};
			name = Debug;
		};
		923AA1651D95282400A097B1 /* Release */ = {
			isa = XCBuildConfiguration;
			baseConfigurationReference = 1C30C8F7475EDAE8930D2900 /* Pods-RedpacketDemo.release.xcconfig */;
			buildSettings = {
				ASSETCATALOG_COMPILER_APPICON_NAME = AppIcon;
				DEVELOPMENT_TEAM = PUEB48NTQQ;
				ENABLE_BITCODE = NO;
				INFOPLIST_FILE = RedpacketDemo/Info.plist;
				IPHONEOS_DEPLOYMENT_TARGET = 7.0;
				LD_RUNPATH_SEARCH_PATHS = "$(inherited) @executable_path/Frameworks";
				LIBRARY_SEARCH_PATHS = "$(inherited)";
				OTHER_LDFLAGS = (
					"-ObjC",
					"-l\"AFNetworking\"",
					"-framework",
					"\"CoreGraphics\"",
					"-framework",
					"\"MobileCoreServices\"",
					"-framework",
					"\"Security\"",
					"-framework",
					"\"SystemConfiguration\"",
					"$(inherited)",
				);
				PRODUCT_BUNDLE_IDENTIFIER = "-----.RedpacketDemo";
				PRODUCT_NAME = "$(TARGET_NAME)";
			};
			name = Release;
		};
/* End XCBuildConfiguration section */

/* Begin XCConfigurationList section */
		923AA1471D95282400A097B1 /* Build configuration list for PBXProject "RedpacketDemo" */ = {
			isa = XCConfigurationList;
			buildConfigurations = (
				923AA1611D95282400A097B1 /* Debug */,
				923AA1621D95282400A097B1 /* Release */,
			);
			defaultConfigurationIsVisible = 0;
			defaultConfigurationName = Release;
		};
		923AA1631D95282400A097B1 /* Build configuration list for PBXNativeTarget "RedpacketDemo" */ = {
			isa = XCConfigurationList;
			buildConfigurations = (
				923AA1641D95282400A097B1 /* Debug */,
				923AA1651D95282400A097B1 /* Release */,
			);
			defaultConfigurationIsVisible = 0;
			defaultConfigurationName = Release;
		};
/* End XCConfigurationList section */
	};
	rootObject = 923AA1441D95282400A097B1 /* Project object */;
}
